// !$*UTF8*$!
{
	archiveVersion = 1;
	classes = {
	};
	objectVersion = 55;
	objects = {

/* Begin PBXBuildFile section */
		242763922861680600D0C87E /* AppDelegate.swift in Sources */ = {isa = PBXBuildFile; fileRef = 242763912861680600D0C87E /* AppDelegate.swift */; };
		242763942861680600D0C87E /* SceneDelegate.swift in Sources */ = {isa = PBXBuildFile; fileRef = 242763932861680600D0C87E /* SceneDelegate.swift */; };
		242763962861680600D0C87E /* ViewController.swift in Sources */ = {isa = PBXBuildFile; fileRef = 242763952861680600D0C87E /* ViewController.swift */; };
		242763992861680600D0C87E /* Main.storyboard in Resources */ = {isa = PBXBuildFile; fileRef = 242763972861680600D0C87E /* Main.storyboard */; };
		2427639B2861680900D0C87E /* Assets.xcassets in Resources */ = {isa = PBXBuildFile; fileRef = 2427639A2861680900D0C87E /* Assets.xcassets */; };
		2427639E2861680900D0C87E /* LaunchScreen.storyboard in Resources */ = {isa = PBXBuildFile; fileRef = 2427639C2861680900D0C87E /* LaunchScreen.storyboard */; };
		249A3EFC286229F400E9B405 /* GoogleService-Info.plist in Resources */ = {isa = PBXBuildFile; fileRef = 249A3EFB286229F400E9B405 /* GoogleService-Info.plist */; };
		9D1AA05FD9414497240CB6C1 /* Pods_FireBaseTest.framework in Frameworks */ = {isa = PBXBuildFile; fileRef = 0096EEBB6E5706AA8E62E34B /* Pods_FireBaseTest.framework */; };
/* End PBXBuildFile section */

/* Begin PBXFileReference section */
		0096EEBB6E5706AA8E62E34B /* Pods_FireBaseTest.framework */ = {isa = PBXFileReference; explicitFileType = wrapper.framework; includeInIndex = 0; path = Pods_FireBaseTest.framework; sourceTree = BUILT_PRODUCTS_DIR; };
		0509A9DBD9D6446301F8F4C8 /* Pods-FireBaseTest.debug.xcconfig */ = {isa = PBXFileReference; includeInIndex = 1; lastKnownFileType = text.xcconfig; name = "Pods-FireBaseTest.debug.xcconfig"; path = "Target Support Files/Pods-FireBaseTest/Pods-FireBaseTest.debug.xcconfig"; sourceTree = "<group>"; };
		2427638E2861680600D0C87E /* FireBaseTest.app */ = {isa = PBXFileReference; explicitFileType = wrapper.application; includeInIndex = 0; path = FireBaseTest.app; sourceTree = BUILT_PRODUCTS_DIR; };
		242763912861680600D0C87E /* AppDelegate.swift */ = {isa = PBXFileReference; lastKnownFileType = sourcecode.swift; path = AppDelegate.swift; sourceTree = "<group>"; };
		242763932861680600D0C87E /* SceneDelegate.swift */ = {isa = PBXFileReference; lastKnownFileType = sourcecode.swift; path = SceneDelegate.swift; sourceTree = "<group>"; };
		242763952861680600D0C87E /* ViewController.swift */ = {isa = PBXFileReference; lastKnownFileType = sourcecode.swift; path = ViewController.swift; sourceTree = "<group>"; };
		242763982861680600D0C87E /* Base */ = {isa = PBXFileReference; lastKnownFileType = file.storyboard; name = Base; path = Base.lproj/Main.storyboard; sourceTree = "<group>"; };
		2427639A2861680900D0C87E /* Assets.xcassets */ = {isa = PBXFileReference; lastKnownFileType = folder.assetcatalog; path = Assets.xcassets; sourceTree = "<group>"; };
		2427639D2861680900D0C87E /* Base */ = {isa = PBXFileReference; lastKnownFileType = file.storyboard; name = Base; path = Base.lproj/LaunchScreen.storyboard; sourceTree = "<group>"; };
		2427639F2861680900D0C87E /* Info.plist */ = {isa = PBXFileReference; lastKnownFileType = text.plist.xml; path = Info.plist; sourceTree = "<group>"; };
		249A3EFB286229F400E9B405 /* GoogleService-Info.plist */ = {isa = PBXFileReference; fileEncoding = 4; lastKnownFileType = text.plist.xml; name = "GoogleService-Info.plist"; path = "../../../../../../.Trash/GoogleService-Info.plist"; sourceTree = "<group>"; };
		24E22D6A286234A0004CE717 /* FireBaseTest.entitlements */ = {isa = PBXFileReference; lastKnownFileType = text.plist.entitlements; path = FireBaseTest.entitlements; sourceTree = "<group>"; };
		48F74D584DBBFD916292E97E /* Pods-FireBaseTest.release.xcconfig */ = {isa = PBXFileReference; includeInIndex = 1; lastKnownFileType = text.xcconfig; name = "Pods-FireBaseTest.release.xcconfig"; path = "Target Support Files/Pods-FireBaseTest/Pods-FireBaseTest.release.xcconfig"; sourceTree = "<group>"; };
/* End PBXFileReference section */

/* Begin PBXFrameworksBuildPhase section */
		2427638B2861680600D0C87E /* Frameworks */ = {
			isa = PBXFrameworksBuildPhase;
			buildActionMask = 2147483647;
			files = (
				9D1AA05FD9414497240CB6C1 /* Pods_FireBaseTest.framework in Frameworks */,
			);
			runOnlyForDeploymentPostprocessing = 0;
		};
/* End PBXFrameworksBuildPhase section */

/* Begin PBXGroup section */
		117644AC8019B6E8A10F21C4 /* Frameworks */ = {
			isa = PBXGroup;
			children = (
				0096EEBB6E5706AA8E62E34B /* Pods_FireBaseTest.framework */,
			);
			name = Frameworks;
			sourceTree = "<group>";
		};
		242763852861680600D0C87E = {
			isa = PBXGroup;
			children = (
				242763902861680600D0C87E /* FireBaseTest */,
				2427638F2861680600D0C87E /* Products */,
				26F90D2A056EE48A7D0283B5 /* Pods */,
				117644AC8019B6E8A10F21C4 /* Frameworks */,
			);
			sourceTree = "<group>";
		};
		2427638F2861680600D0C87E /* Products */ = {
			isa = PBXGroup;
			children = (
				2427638E2861680600D0C87E /* FireBaseTest.app */,
			);
			name = Products;
			sourceTree = "<group>";
		};
		242763902861680600D0C87E /* FireBaseTest */ = {
			isa = PBXGroup;
			children = (
				24E22D6A286234A0004CE717 /* FireBaseTest.entitlements */,
				242763912861680600D0C87E /* AppDelegate.swift */,
				242763932861680600D0C87E /* SceneDelegate.swift */,
				242763952861680600D0C87E /* ViewController.swift */,
				249A3EFB286229F400E9B405 /* GoogleService-Info.plist */,
				242763972861680600D0C87E /* Main.storyboard */,
				2427639A2861680900D0C87E /* Assets.xcassets */,
				2427639C2861680900D0C87E /* LaunchScreen.storyboard */,
				2427639F2861680900D0C87E /* Info.plist */,
			);
			path = FireBaseTest;
			sourceTree = "<group>";
		};
		26F90D2A056EE48A7D0283B5 /* Pods */ = {
			isa = PBXGroup;
			children = (
				0509A9DBD9D6446301F8F4C8 /* Pods-FireBaseTest.debug.xcconfig */,
				48F74D584DBBFD916292E97E /* Pods-FireBaseTest.release.xcconfig */,
			);
			path = Pods;
			sourceTree = "<group>";
		};
/* End PBXGroup section */

/* Begin PBXNativeTarget section */
		2427638D2861680600D0C87E /* FireBaseTest */ = {
			isa = PBXNativeTarget;
			buildConfigurationList = 242763A22861680900D0C87E /* Build configuration list for PBXNativeTarget "FireBaseTest" */;
			buildPhases = (
				A6775623C55F4C3796BD5E78 /* [CP] Check Pods Manifest.lock */,
				2427638A2861680600D0C87E /* Sources */,
				2427638B2861680600D0C87E /* Frameworks */,
				2427638C2861680600D0C87E /* Resources */,
				1F668A338CBD2BCF4687987E /* [CP] Embed Pods Frameworks */,
				4EB592F725B441CD5D2AF9AC /* [CP] Copy Pods Resources */,
			);
			buildRules = (
			);
			dependencies = (
			);
			name = FireBaseTest;
			productName = FireBaseTest;
			productReference = 2427638E2861680600D0C87E /* FireBaseTest.app */;
			productType = "com.apple.product-type.application";
		};
/* End PBXNativeTarget section */

/* Begin PBXProject section */
		242763862861680600D0C87E /* Project object */ = {
			isa = PBXProject;
			attributes = {
				BuildIndependentTargetsInParallel = 1;
				LastSwiftUpdateCheck = 1340;
				LastUpgradeCheck = 1340;
				TargetAttributes = {
					2427638D2861680600D0C87E = {
						CreatedOnToolsVersion = 13.4.1;
					};
				};
			};
			buildConfigurationList = 242763892861680600D0C87E /* Build configuration list for PBXProject "FireBaseTest" */;
			compatibilityVersion = "Xcode 13.0";
			developmentRegion = en;
			hasScannedForEncodings = 0;
			knownRegions = (
				en,
				Base,
			);
			mainGroup = 242763852861680600D0C87E;
			productRefGroup = 2427638F2861680600D0C87E /* Products */;
			projectDirPath = "";
			projectRoot = "";
			targets = (
				2427638D2861680600D0C87E /* FireBaseTest */,
			);
		};
/* End PBXProject section */

/* Begin PBXResourcesBuildPhase section */
		2427638C2861680600D0C87E /* Resources */ = {
			isa = PBXResourcesBuildPhase;
			buildActionMask = 2147483647;
			files = (
				2427639E2861680900D0C87E /* LaunchScreen.storyboard in Resources */,
				249A3EFC286229F400E9B405 /* GoogleService-Info.plist in Resources */,
				2427639B2861680900D0C87E /* Assets.xcassets in Resources */,
				242763992861680600D0C87E /* Main.storyboard in Resources */,
			);
			runOnlyForDeploymentPostprocessing = 0;
		};
/* End PBXResourcesBuildPhase section */

/* Begin PBXShellScriptBuildPhase section */
		1F668A338CBD2BCF4687987E /* [CP] Embed Pods Frameworks */ = {
			isa = PBXShellScriptBuildPhase;
			buildActionMask = 2147483647;
			files = (
			);
			inputFileListPaths = (
				"${PODS_ROOT}/Target Support Files/Pods-FireBaseTest/Pods-FireBaseTest-frameworks-${CONFIGURATION}-input-files.xcfilelist",
			);
			name = "[CP] Embed Pods Frameworks";
			outputFileListPaths = (
				"${PODS_ROOT}/Target Support Files/Pods-FireBaseTest/Pods-FireBaseTest-frameworks-${CONFIGURATION}-output-files.xcfilelist",
			);
			runOnlyForDeploymentPostprocessing = 0;
			shellPath = /bin/sh;
			shellScript = "\"${PODS_ROOT}/Target Support Files/Pods-FireBaseTest/Pods-FireBaseTest-frameworks.sh\"\n";
			showEnvVarsInLog = 0;
		};
		4EB592F725B441CD5D2AF9AC /* [CP] Copy Pods Resources */ = {
			isa = PBXShellScriptBuildPhase;
			buildActionMask = 2147483647;
			files = (
			);
			inputFileListPaths = (
				"${PODS_ROOT}/Target Support Files/Pods-FireBaseTest/Pods-FireBaseTest-resources-${CONFIGURATION}-input-files.xcfilelist",
			);
			name = "[CP] Copy Pods Resources";
			outputFileListPaths = (
				"${PODS_ROOT}/Target Support Files/Pods-FireBaseTest/Pods-FireBaseTest-resources-${CONFIGURATION}-output-files.xcfilelist",
			);
			runOnlyForDeploymentPostprocessing = 0;
			shellPath = /bin/sh;
			shellScript = "\"${PODS_ROOT}/Target Support Files/Pods-FireBaseTest/Pods-FireBaseTest-resources.sh\"\n";
			showEnvVarsInLog = 0;
		};
		A6775623C55F4C3796BD5E78 /* [CP] Check Pods Manifest.lock */ = {
			isa = PBXShellScriptBuildPhase;
			buildActionMask = 2147483647;
			files = (
			);
			inputFileListPaths = (
			);
			inputPaths = (
				"${PODS_PODFILE_DIR_PATH}/Podfile.lock",
				"${PODS_ROOT}/Manifest.lock",
			);
			name = "[CP] Check Pods Manifest.lock";
			outputFileListPaths = (
			);
			outputPaths = (
				"$(DERIVED_FILE_DIR)/Pods-FireBaseTest-checkManifestLockResult.txt",
			);
			runOnlyForDeploymentPostprocessing = 0;
			shellPath = /bin/sh;
			shellScript = "diff \"${PODS_PODFILE_DIR_PATH}/Podfile.lock\" \"${PODS_ROOT}/Manifest.lock\" > /dev/null\nif [ $? != 0 ] ; then\n    # print error to STDERR\n    echo \"error: The sandbox is not in sync with the Podfile.lock. Run 'pod install' or update your CocoaPods installation.\" >&2\n    exit 1\nfi\n# This output is used by Xcode 'outputs' to avoid re-running this script phase.\necho \"SUCCESS\" > \"${SCRIPT_OUTPUT_FILE_0}\"\n";
			showEnvVarsInLog = 0;
		};
/* End PBXShellScriptBuildPhase section */

/* Begin PBXSourcesBuildPhase section */
		2427638A2861680600D0C87E /* Sources */ = {
			isa = PBXSourcesBuildPhase;
			buildActionMask = 2147483647;
			files = (
				242763962861680600D0C87E /* ViewController.swift in Sources */,
				242763922861680600D0C87E /* AppDelegate.swift in Sources */,
				242763942861680600D0C87E /* SceneDelegate.swift in Sources */,
			);
			runOnlyForDeploymentPostprocessing = 0;
		};
/* End PBXSourcesBuildPhase section */

/* Begin PBXVariantGroup section */
		242763972861680600D0C87E /* Main.storyboard */ = {
			isa = PBXVariantGroup;
			children = (
				242763982861680600D0C87E /* Base */,
			);
			name = Main.storyboard;
			sourceTree = "<group>";
		};
		2427639C2861680900D0C87E /* LaunchScreen.storyboard */ = {
			isa = PBXVariantGroup;
			children = (
				2427639D2861680900D0C87E /* Base */,
			);
			name = LaunchScreen.storyboard;
			sourceTree = "<group>";
		};
/* End PBXVariantGroup section */

/* Begin XCBuildConfiguration section */
		242763A02861680900D0C87E /* Debug */ = {
			isa = XCBuildConfiguration;
			buildSettings = {
				ALWAYS_SEARCH_USER_PATHS = NO;
				CLANG_ANALYZER_NONNULL = YES;
				CLANG_ANALYZER_NUMBER_OBJECT_CONVERSION = YES_AGGRESSIVE;
				CLANG_CXX_LANGUAGE_STANDARD = "gnu++17";
				CLANG_ENABLE_MODULES = YES;
				CLANG_ENABLE_OBJC_ARC = YES;
				CLANG_ENABLE_OBJC_WEAK = YES;
				CLANG_WARN_BLOCK_CAPTURE_AUTORELEASING = YES;
				CLANG_WARN_BOOL_CONVERSION = YES;
				CLANG_WARN_COMMA = YES;
				CLANG_WARN_CONSTANT_CONVERSION = YES;
				CLANG_WARN_DEPRECATED_OBJC_IMPLEMENTATIONS = YES;
				CLANG_WARN_DIRECT_OBJC_ISA_USAGE = YES_ERROR;
				CLANG_WARN_DOCUMENTATION_COMMENTS = YES;
				CLANG_WARN_EMPTY_BODY = YES;
				CLANG_WARN_ENUM_CONVERSION = YES;
				CLANG_WARN_INFINITE_RECURSION = YES;
				CLANG_WARN_INT_CONVERSION = YES;
				CLANG_WARN_NON_LITERAL_NULL_CONVERSION = YES;
				CLANG_WARN_OBJC_IMPLICIT_RETAIN_SELF = YES;
				CLANG_WARN_OBJC_LITERAL_CONVERSION = YES;
				CLANG_WARN_OBJC_ROOT_CLASS = YES_ERROR;
				CLANG_WARN_QUOTED_INCLUDE_IN_FRAMEWORK_HEADER = YES;
				CLANG_WARN_RANGE_LOOP_ANALYSIS = YES;
				CLANG_WARN_STRICT_PROTOTYPES = YES;
				CLANG_WARN_SUSPICIOUS_MOVE = YES;
				CLANG_WARN_UNGUARDED_AVAILABILITY = YES_AGGRESSIVE;
				CLANG_WARN_UNREACHABLE_CODE = YES;
				CLANG_WARN__DUPLICATE_METHOD_MATCH = YES;
				COPY_PHASE_STRIP = NO;
				DEBUG_INFORMATION_FORMAT = dwarf;
				ENABLE_STRICT_OBJC_MSGSEND = YES;
				ENABLE_TESTABILITY = YES;
				GCC_C_LANGUAGE_STANDARD = gnu11;
				GCC_DYNAMIC_NO_PIC = NO;
				GCC_NO_COMMON_BLOCKS = YES;
				GCC_OPTIMIZATION_LEVEL = 0;
				GCC_PREPROCESSOR_DEFINITIONS = (
					"DEBUG=1",
					"$(inherited)",
				);
				GCC_WARN_64_TO_32_BIT_CONVERSION = YES;
				GCC_WARN_ABOUT_RETURN_TYPE = YES_ERROR;
				GCC_WARN_UNDECLARED_SELECTOR = YES;
				GCC_WARN_UNINITIALIZED_AUTOS = YES_AGGRESSIVE;
				GCC_WARN_UNUSED_FUNCTION = YES;
				GCC_WARN_UNUSED_VARIABLE = YES;
				IPHONEOS_DEPLOYMENT_TARGET = 15.5;
				MTL_ENABLE_DEBUG_INFO = INCLUDE_SOURCE;
				MTL_FAST_MATH = YES;
				ONLY_ACTIVE_ARCH = YES;
				SDKROOT = iphoneos;
				SWIFT_ACTIVE_COMPILATION_CONDITIONS = DEBUG;
				SWIFT_OPTIMIZATION_LEVEL = "-Onone";
			};
			name = Debug;
		};
		242763A12861680900D0C87E /* Release */ = {
			isa = XCBuildConfiguration;
			buildSettings = {
				ALWAYS_SEARCH_USER_PATHS = NO;
				CLANG_ANALYZER_NONNULL = YES;
				CLANG_ANALYZER_NUMBER_OBJECT_CONVERSION = YES_AGGRESSIVE;
				CLANG_CXX_LANGUAGE_STANDARD = "gnu++17";
				CLANG_ENABLE_MODULES = YES;
				CLANG_ENABLE_OBJC_ARC = YES;
				CLANG_ENABLE_OBJC_WEAK = YES;
				CLANG_WARN_BLOCK_CAPTURE_AUTORELEASING = YES;
				CLANG_WARN_BOOL_CONVERSION = YES;
				CLANG_WARN_COMMA = YES;
				CLANG_WARN_CONSTANT_CONVERSION = YES;
				CLANG_WARN_DEPRECATED_OBJC_IMPLEMENTATIONS = YES;
				CLANG_WARN_DIRECT_OBJC_ISA_USAGE = YES_ERROR;
				CLANG_WARN_DOCUMENTATION_COMMENTS = YES;
				CLANG_WARN_EMPTY_BODY = YES;
				CLANG_WARN_ENUM_CONVERSION = YES;
				CLANG_WARN_INFINITE_RECURSION = YES;
				CLANG_WARN_INT_CONVERSION = YES;
				CLANG_WARN_NON_LITERAL_NULL_CONVERSION = YES;
				CLANG_WARN_OBJC_IMPLICIT_RETAIN_SELF = YES;
				CLANG_WARN_OBJC_LITERAL_CONVERSION = YES;
				CLANG_WARN_OBJC_ROOT_CLASS = YES_ERROR;
				CLANG_WARN_QUOTED_INCLUDE_IN_FRAMEWORK_HEADER = YES;
				CLANG_WARN_RANGE_LOOP_ANALYSIS = YES;
				CLANG_WARN_STRICT_PROTOTYPES = YES;
				CLANG_WARN_SUSPICIOUS_MOVE = YES;
				CLANG_WARN_UNGUARDED_AVAILABILITY = YES_AGGRESSIVE;
				CLANG_WARN_UNREACHABLE_CODE = YES;
				CLANG_WARN__DUPLICATE_METHOD_MATCH = YES;
				COPY_PHASE_STRIP = NO;
				DEBUG_INFORMATION_FORMAT = "dwarf-with-dsym";
				ENABLE_NS_ASSERTIONS = NO;
				ENABLE_STRICT_OBJC_MSGSEND = YES;
				GCC_C_LANGUAGE_STANDARD = gnu11;
				GCC_NO_COMMON_BLOCKS = YES;
				GCC_WARN_64_TO_32_BIT_CONVERSION = YES;
				GCC_WARN_ABOUT_RETURN_TYPE = YES_ERROR;
				GCC_WARN_UNDECLARED_SELECTOR = YES;
				GCC_WARN_UNINITIALIZED_AUTOS = YES_AGGRESSIVE;
				GCC_WARN_UNUSED_FUNCTION = YES;
				GCC_WARN_UNUSED_VARIABLE = YES;
				IPHONEOS_DEPLOYMENT_TARGET = 15.5;
				MTL_ENABLE_DEBUG_INFO = NO;
				MTL_FAST_MATH = YES;
				SDKROOT = iphoneos;
				SWIFT_COMPILATION_MODE = wholemodule;
				SWIFT_OPTIMIZATION_LEVEL = "-O";
				VALIDATE_PRODUCT = YES;
			};
			name = Release;
		};
		242763A32861680900D0C87E /* Debug */ = {
			isa = XCBuildConfiguration;
			baseConfigurationReference = 0509A9DBD9D6446301F8F4C8 /* Pods-FireBaseTest.debug.xcconfig */;
			buildSettings = {
				ASSETCATALOG_COMPILER_APPICON_NAME = AppIcon;
				ASSETCATALOG_COMPILER_GLOBAL_ACCENT_COLOR_NAME = AccentColor;
				CODE_SIGN_ENTITLEMENTS = FireBaseTest/FireBaseTest.entitlements;
				CODE_SIGN_STYLE = Automatic;
				CURRENT_PROJECT_VERSION = 1;
				DEVELOPMENT_TEAM = X39HH6F75Z;
				GENERATE_INFOPLIST_FILE = YES;
				INFOPLIST_FILE = FireBaseTest/Info.plist;
				INFOPLIST_KEY_UIApplicationSupportsIndirectInputEvents = YES;
				INFOPLIST_KEY_UILaunchStoryboardName = LaunchScreen;
				INFOPLIST_KEY_UIMainStoryboardFile = Main;
				INFOPLIST_KEY_UISupportedInterfaceOrientations_iPad = "UIInterfaceOrientationPortrait UIInterfaceOrientationPortraitUpsideDown UIInterfaceOrientationLandscapeLeft UIInterfaceOrientationLandscapeRight";
				INFOPLIST_KEY_UISupportedInterfaceOrientations_iPhone = "UIInterfaceOrientationPortrait UIInterfaceOrientationLandscapeLeft UIInterfaceOrientationLandscapeRight";
				LD_RUNPATH_SEARCH_PATHS = (
					"$(inherited)",
					"@executable_path/Frameworks",
				);
				MARKETING_VERSION = 1.0;
				PRODUCT_BUNDLE_IDENTIFIER = com.CurtMcCune.FirebaseTest;
				PRODUCT_NAME = "$(TARGET_NAME)";
				SWIFT_EMIT_LOC_STRINGS = YES;
				SWIFT_VERSION = 5.0;
				TARGETED_DEVICE_FAMILY = "1,2";
			};
			name = Debug;
		};
		242763A42861680900D0C87E /* Release */ = {
			isa = XCBuildConfiguration;
			baseConfigurationReference = 48F74D584DBBFD916292E97E /* Pods-FireBaseTest.release.xcconfig */;
			buildSettings = {
				ASSETCATALOG_COMPILER_APPICON_NAME = AppIcon;
				ASSETCATALOG_COMPILER_GLOBAL_ACCENT_COLOR_NAME = AccentColor;
				CODE_SIGN_ENTITLEMENTS = FireBaseTest/FireBaseTest.entitlements;
				CODE_SIGN_STYLE = Automatic;
				CURRENT_PROJECT_VERSION = 1;
				DEVELOPMENT_TEAM = X39HH6F75Z;
				GENERATE_INFOPLIST_FILE = YES;
				INFOPLIST_FILE = FireBaseTest/Info.plist;
				INFOPLIST_KEY_UIApplicationSupportsIndirectInputEvents = YES;
				INFOPLIST_KEY_UILaunchStoryboardName = LaunchScreen;
				INFOPLIST_KEY_UIMainStoryboardFile = Main;
				INFOPLIST_KEY_UISupportedInterfaceOrientations_iPad = "UIInterfaceOrientationPortrait UIInterfaceOrientationPortraitUpsideDown UIInterfaceOrientationLandscapeLeft UIInterfaceOrientationLandscapeRight";
				INFOPLIST_KEY_UISupportedInterfaceOrientations_iPhone = "UIInterfaceOrientationPortrait UIInterfaceOrientationLandscapeLeft UIInterfaceOrientationLandscapeRight";
				LD_RUNPATH_SEARCH_PATHS = (
					"$(inherited)",
					"@executable_path/Frameworks",
				);
				MARKETING_VERSION = 1.0;
				PRODUCT_BUNDLE_IDENTIFIER = com.CurtMcCune.FirebaseTest;
				PRODUCT_NAME = "$(TARGET_NAME)";
				SWIFT_EMIT_LOC_STRINGS = YES;
				SWIFT_VERSION = 5.0;
				TARGETED_DEVICE_FAMILY = "1,2";
			};
			name = Release;
		};
/* End XCBuildConfiguration section */

/* Begin XCConfigurationList section */
		242763892861680600D0C87E /* Build configuration list for PBXProject "FireBaseTest" */ = {
			isa = XCConfigurationList;
			buildConfigurations = (
				242763A02861680900D0C87E /* Debug */,
				242763A12861680900D0C87E /* Release */,
			);
			defaultConfigurationIsVisible = 0;
			defaultConfigurationName = Release;
		};
		242763A22861680900D0C87E /* Build configuration list for PBXNativeTarget "FireBaseTest" */ = {
			isa = XCConfigurationList;
			buildConfigurations = (
				242763A32861680900D0C87E /* Debug */,
				242763A42861680900D0C87E /* Release */,
			);
			defaultConfigurationIsVisible = 0;
			defaultConfigurationName = Release;
		};
/* End XCConfigurationList section */
	};
	rootObject = 242763862861680600D0C87E /* Project object */;
}
